
Microsoft Visual Studio Solution File, Format Version 12.00
# Visual Studio Version 17
VisualStudioVersion = 17.0.31903.59
MinimumVisualStudioVersion = 10.0.40219.1
Project("{FAE04EC0-301F-11D3-BF4B-00C04F79EFBC}") = "SampleApp", "SampleApp\SampleApp.csproj", "{5D3F212D-862E-4944-A41C-E1F4DC9CDAEA}"
EndProject
Project("{FAE04EC0-301F-11D3-BF4B-00C04F79EFBC}") = "UnnamedEngine", "UnnamedEngine\UnnamedEngine.csproj", "{8BF4DE29-CEA1-4AAE-9991-7DED0F4B230B}"
EndProject
Global
	GlobalSection(SolutionConfigurationPlatforms) = preSolution
		Debug|Any CPU = Debug|Any CPU
		Release|Any CPU = Release|Any CPU
	EndGlobalSection
	GlobalSection(SolutionProperties) = preSolution
		HideSolutionNode = FALSE
	EndGlobalSection
	GlobalSection(ProjectConfigurationPlatforms) = postSolution
		{5D3F212D-862E-4944-A41C-E1F4DC9CDAEA}.Debug|Any CPU.ActiveCfg = Debug|Any CPU
		{5D3F212D-862E-4944-A41C-E1F4DC9CDAEA}.Debug|Any CPU.Build.0 = Debug|Any CPU
		{5D3F212D-862E-4944-A41C-E1F4DC9CDAEA}.Release|Any CPU.ActiveCfg = Release|Any CPU
		{5D3F212D-862E-4944-A41C-E1F4DC9CDAEA}.Release|Any CPU.Build.0 = Release|Any CPU
		{8BF4DE29-CEA1-4AAE-9991-7DED0F4B230B}.Debug|Any CPU.ActiveCfg = Debug|Any CPU
		{8BF4DE29-CEA1-4AAE-9991-7DED0F4B230B}.Debug|Any CPU.Build.0 = Debug|Any CPU
		{8BF4DE29-CEA1-4AAE-9991-7DED0F4B230B}.Release|Any CPU.ActiveCfg = Release|Any CPU
		{8BF4DE29-CEA1-4AAE-9991-7DED0F4B230B}.Release|Any CPU.Build.0 = Release|Any CPU
	EndGlobalSection
EndGlobal
